
Microsoft Visual Studio Solution File, Format Version 12.00
# Visual Studio Version 16
VisualStudioVersion = 16.0.31702.278
MinimumVisualStudioVersion = 10.0.40219.1
Project("{FAE04EC0-301F-11D3-BF4B-00C04F79EFBC}") = "bib", "bib\bib.csproj", "{7EEFC3EF-A4C0-43E9-A39E-BED14EE28513}"
EndProject
Project("{FAE04EC0-301F-11D3-BF4B-00C04F79EFBC}") = "console", "console\console.csproj", "{7FBDD9CC-2A1F-4CEA-B453-12B424AB912A}"
EndProject
Project("{FAE04EC0-301F-11D3-BF4B-00C04F79EFBC}") = "WPF", "WPF\WPF.csproj", "{0DED1D08-EA4B-4791-8C5C-1A7642F57084}"
EndProject
Global
	GlobalSection(SolutionConfigurationPlatforms) = preSolution
		Debug|Any CPU = Debug|Any CPU
		Release|Any CPU = Release|Any CPU
	EndGlobalSection
	GlobalSection(ProjectConfigurationPlatforms) = postSolution
		{7EEFC3EF-A4C0-43E9-A39E-BED14EE28513}.Debug|Any CPU.ActiveCfg = Debug|Any CPU
		{7EEFC3EF-A4C0-43E9-A39E-BED14EE28513}.Debug|Any CPU.Build.0 = Debug|Any CPU
		{7EEFC3EF-A4C0-43E9-A39E-BED14EE28513}.Release|Any CPU.ActiveCfg = Release|Any CPU
		{7EEFC3EF-A4C0-43E9-A39E-BED14EE28513}.Release|Any CPU.Build.0 = Release|Any CPU
		{7FBDD9CC-2A1F-4CEA-B453-12B424AB912A}.Debug|Any CPU.ActiveCfg = Debug|Any CPU
		{7FBDD9CC-2A1F-4CEA-B453-12B424AB912A}.Debug|Any CPU.Build.0 = Debug|Any CPU
		{7FBDD9CC-2A1F-4CEA-B453-12B424AB912A}.Release|Any CPU.ActiveCfg = Release|Any CPU
		{7FBDD9CC-2A1F-4CEA-B453-12B424AB912A}.Release|Any CPU.Build.0 = Release|Any CPU
		{0DED1D08-EA4B-4791-8C5C-1A7642F57084}.Debug|Any CPU.ActiveCfg = Debug|Any CPU
		{0DED1D08-EA4B-4791-8C5C-1A7642F57084}.Debug|Any CPU.Build.0 = Debug|Any CPU
		{0DED1D08-EA4B-4791-8C5C-1A7642F57084}.Release|Any CPU.ActiveCfg = Release|Any CPU
		{0DED1D08-EA4B-4791-8C5C-1A7642F57084}.Release|Any CPU.Build.0 = Release|Any CPU
	EndGlobalSection
	GlobalSection(SolutionProperties) = preSolution
		HideSolutionNode = FALSE
	EndGlobalSection
	GlobalSection(ExtensibilityGlobals) = postSolution
		SolutionGuid = {5AEFEB99-5B72-45BA-96EB-2971B9F05D97}
	EndGlobalSection
EndGlobal
